<?xml version="1.0" encoding="UTF-8" standalone="yes" ?>
<CodeBlocks_project_file>
	<FileVersion major="1" minor="6" />
	<Project>
		<Option title="RoseStatCalc" />
		<Option pch_mode="0" />
		<Option compiler="gcc" />
		<Build>
			<Target title="Debug">
				<Option output="bin\Debug\RoseStatCalc" prefix_auto="1" extension_auto="1" />
				<Option object_output="obj\Debug\" />
				<Option type="0" />
				<Option compiler="gcc" />
				<Option projectLinkerOptionsRelation="2" />
				<Compiler>
					<Add option="-g" />
					<Add directory="$(#wx)\" />
				</Compiler>
				<ResourceCompiler>
					<Add directory="$(#wx)\" />
				</ResourceCompiler>
				<Linker>
					<Add option="-lmingw32" />
					<Add library="libwx_baseu-2.9.dll.a" />
					<Add library="libwx_mswu_core-2.9.dll.a" />
					<Add directory="$(#wx)\" />
				</Linker>
			</Target>
			<Target title="Release">
				<Option output="bin\Release\RoseStatCalc" prefix_auto="1" extension_auto="1" />
				<Option object_output="obj\Release\" />
				<Option type="0" />
				<Option compiler="gcc" />
				<Option projectCompilerOptionsRelation="2" />
				<Option projectLinkerOptionsRelation="2" />
				<Compiler>
					<Add option="-march=pentium3" />
					<Add option="-Os" />
					<Add directory="$(#wx)\lib\gcc_lib\msw" />
					<Add directory="$(#wx)\" />
				</Compiler>
				<ResourceCompiler>
					<Add directory="$(#wx)\lib\gcc_lib\msw" />
					<Add directory="$(#wx)\" />
				</ResourceCompiler>
				<Linker>
					<Add library="libwx_mswu_core-2.9.a" />
					<Add library="libwx_baseu-2.9.a" />
					<Add library="libwxpng-2.9.a" />
					<Add library="libwxjpeg-2.9.a" />
					<Add library="libwxtiff-2.9.a" />
					<Add library="libwxzlib-2.9.a" />
					<Add library="C:\MinGW\lib\gcc\mingw32\4.7.0\libgcc_s.a" />
					<Add library="C:\MinGW\lib\gcc\mingw32\4.7.0\libstdc++.a" />
					<Add directory="$(#wx)\lib\gcc_lib" />
					<Add directory="$(#wx)\..\..\lib" />
				</Linker>
			</Target>
		</Build>
		<Compiler>
			<Add option="-Os" />
			<Add option="-O2" />
			<Add option="-Wall" />
			<Add option="-include wx_pch.h" />
			<Add option="-pipe" />
			<Add option="-mthreads" />
			<Add option='[[if (PLATFORM == PLATFORM_MSW &amp;&amp; (GetCompilerFactory().GetCompilerVersionString(_T(&quot;gcc&quot;)) &gt;= _T(&quot;4.0.0&quot;))) print(_T(&quot;-Wno-attributes&quot;));]]' />
			<Add option="-Winvalid-pch" />
			<Add option="-D__GNUWIN32__" />
			<Add option="-D__WXMSW__" />
			<Add option="-DWX_PRECOMP" />
			<Add directory="$(#wx)\include" />
			<Add directory="$(#wx)\contrib\include" />
		</Compiler>
		<ResourceCompiler>
			<Add directory="$(#wx)\include" />
		</ResourceCompiler>
		<Linker>
			<Add option="-mthreads" />
			<Add library="libkernel32.a" />
			<Add library="libuser32.a" />
			<Add library="libgdi32.a" />
			<Add library="libwinspool.a" />
			<Add library="libcomdlg32.a" />
			<Add library="libadvapi32.a" />
			<Add library="libshell32.a" />
			<Add library="libole32.a" />
			<Add library="liboleaut32.a" />
			<Add library="libuuid.a" />
			<Add library="libcomctl32.a" />
			<Add library="libwsock32.a" />
			<Add library="libodbc32.a" />
			<Add directory="$(#wx)\lib" />
		</Linker>
		<Unit filename="RoseStatCalcApp.cpp" />
		<Unit filename="RoseStatCalcApp.h" />
		<Unit filename="RoseStatCalcMain.cpp" />
		<Unit filename="RoseStatCalcMain.h" />
		<Unit filename="char.cpp" />
		<Unit filename="classes.h" />
		<Unit filename="resource.rc">
			<Option compilerVar="WINDRES" />
		</Unit>
		<Unit filename="wx_pch.h">
			<Option compile="1" />
			<Option weight="0" />
		</Unit>
		<Unit filename="wxsmith\RoseStatCalcframe.wxs" />
		<Extensions>
			<code_completion />
			<debugger />
			<wxsmith version="1">
				<gui name="wxWidgets" src="RoseStatCalcApp.cpp" main="RoseStatCalcFrame" init_handlers="necessary" language="CPP" />
				<resources>
					<wxFrame wxs="wxsmith/RoseStatCalcframe.wxs" src="RoseStatCalcMain.cpp" hdr="RoseStatCalcMain.h" name="RoseStatCalcFrame" language="CPP" />
				</resources>
			</wxsmith>
		</Extensions>
	</Project>
</CodeBlocks_project_file>
